// !$*UTF8*$!
{
	archiveVersion = 1;
	classes = {
	};
	objectVersion = 51;
	objects = {

/* Begin PBXBuildFile section */
		807B181024F065A100EADA78 /* URLRequest+Extension.swift in Sources */ = {isa = PBXBuildFile; fileRef = 807B180F24F065A100EADA78 /* URLRequest+Extension.swift */; };
		807B181224F067DC00EADA78 /* NewsAPI_Call.swift in Sources */ = {isa = PBXBuildFile; fileRef = 807B181124F067DC00EADA78 /* NewsAPI_Call.swift */; };
		809F09AC24E901D90025313B /* AppDelegate.swift in Sources */ = {isa = PBXBuildFile; fileRef = 809F09AB24E901D90025313B /* AppDelegate.swift */; };
		809F09AE24E901D90025313B /* SceneDelegate.swift in Sources */ = {isa = PBXBuildFile; fileRef = 809F09AD24E901D90025313B /* SceneDelegate.swift */; };
		809F09B324E901D90025313B /* Main.storyboard in Resources */ = {isa = PBXBuildFile; fileRef = 809F09B124E901D90025313B /* Main.storyboard */; };
		809F09B524E901DF0025313B /* Assets.xcassets in Resources */ = {isa = PBXBuildFile; fileRef = 809F09B424E901DF0025313B /* Assets.xcassets */; };
		809F09B824E901DF0025313B /* LaunchScreen.storyboard in Resources */ = {isa = PBXBuildFile; fileRef = 809F09B624E901DF0025313B /* LaunchScreen.storyboard */; };
		809F09C224E920E40025313B /* NewsTableVC.swift in Sources */ = {isa = PBXBuildFile; fileRef = 809F09C124E920E40025313B /* NewsTableVC.swift */; };
		809F09C424E923680025313B /* Article.swift in Sources */ = {isa = PBXBuildFile; fileRef = 809F09C324E923670025313B /* Article.swift */; };
		80F1809824EEA0F40049A7D6 /* ArticleTableViewCell.swift in Sources */ = {isa = PBXBuildFile; fileRef = 80F1809724EEA0F40049A7D6 /* ArticleTableViewCell.swift */; };
		C001D32E152B03FD05D916CD /* Pods_News_RxSwift.framework in Frameworks */ = {isa = PBXBuildFile; fileRef = 6EBE8BC7AC10CEF299670D60 /* Pods_News_RxSwift.framework */; };
/* End PBXBuildFile section */

/* Begin PBXFileReference section */
		6EBE8BC7AC10CEF299670D60 /* Pods_News_RxSwift.framework */ = {isa = PBXFileReference; explicitFileType = wrapper.framework; includeInIndex = 0; path = Pods_News_RxSwift.framework; sourceTree = BUILT_PRODUCTS_DIR; };
		807B180F24F065A100EADA78 /* URLRequest+Extension.swift */ = {isa = PBXFileReference; lastKnownFileType = sourcecode.swift; path = "URLRequest+Extension.swift"; sourceTree = "<group>"; };
		807B181124F067DC00EADA78 /* NewsAPI_Call.swift */ = {isa = PBXFileReference; lastKnownFileType = sourcecode.swift; path = NewsAPI_Call.swift; sourceTree = "<group>"; };
		809F09A824E901D90025313B /* News_RxSwift.app */ = {isa = PBXFileReference; explicitFileType = wrapper.application; includeInIndex = 0; path = News_RxSwift.app; sourceTree = BUILT_PRODUCTS_DIR; };
		809F09AB24E901D90025313B /* AppDelegate.swift */ = {isa = PBXFileReference; lastKnownFileType = sourcecode.swift; path = AppDelegate.swift; sourceTree = "<group>"; };
		809F09AD24E901D90025313B /* SceneDelegate.swift */ = {isa = PBXFileReference; lastKnownFileType = sourcecode.swift; path = SceneDelegate.swift; sourceTree = "<group>"; };
		809F09B224E901D90025313B /* Base */ = {isa = PBXFileReference; lastKnownFileType = file.storyboard; name = Base; path = Base.lproj/Main.storyboard; sourceTree = "<group>"; };
		809F09B424E901DF0025313B /* Assets.xcassets */ = {isa = PBXFileReference; lastKnownFileType = folder.assetcatalog; path = Assets.xcassets; sourceTree = "<group>"; };
		809F09B724E901DF0025313B /* Base */ = {isa = PBXFileReference; lastKnownFileType = file.storyboard; name = Base; path = Base.lproj/LaunchScreen.storyboard; sourceTree = "<group>"; };
		809F09B924E901DF0025313B /* Info.plist */ = {isa = PBXFileReference; lastKnownFileType = text.plist.xml; path = Info.plist; sourceTree = "<group>"; };
		809F09C124E920E40025313B /* NewsTableVC.swift */ = {isa = PBXFileReference; lastKnownFileType = sourcecode.swift; path = NewsTableVC.swift; sourceTree = "<group>"; };
		809F09C324E923670025313B /* Article.swift */ = {isa = PBXFileReference; lastKnownFileType = sourcecode.swift; path = Article.swift; sourceTree = "<group>"; };
		80F1809724EEA0F40049A7D6 /* ArticleTableViewCell.swift */ = {isa = PBXFileReference; lastKnownFileType = sourcecode.swift; path = ArticleTableViewCell.swift; sourceTree = "<group>"; };
		A1D1BD2EBC2AC29C8519E46E /* Pods-News_RxSwift.release.xcconfig */ = {isa = PBXFileReference; includeInIndex = 1; lastKnownFileType = text.xcconfig; name = "Pods-News_RxSwift.release.xcconfig"; path = "Target Support Files/Pods-News_RxSwift/Pods-News_RxSwift.release.xcconfig"; sourceTree = "<group>"; };
		AA3C8748EDCE04A075B9303E /* Pods-News_RxSwift.debug.xcconfig */ = {isa = PBXFileReference; includeInIndex = 1; lastKnownFileType = text.xcconfig; name = "Pods-News_RxSwift.debug.xcconfig"; path = "Target Support Files/Pods-News_RxSwift/Pods-News_RxSwift.debug.xcconfig"; sourceTree = "<group>"; };
/* End PBXFileReference section */

/* Begin PBXFrameworksBuildPhase section */
		809F09A524E901D90025313B /* Frameworks */ = {
			isa = PBXFrameworksBuildPhase;
			buildActionMask = 2147483647;
			files = (
				C001D32E152B03FD05D916CD /* Pods_News_RxSwift.framework in Frameworks */,
			);
			runOnlyForDeploymentPostprocessing = 0;
		};
/* End PBXFrameworksBuildPhase section */

/* Begin PBXGroup section */
		33BE90C1C5E8CDCE1ECC5DC7 /* Frameworks */ = {
			isa = PBXGroup;
			children = (
				6EBE8BC7AC10CEF299670D60 /* Pods_News_RxSwift.framework */,
			);
			name = Frameworks;
			sourceTree = "<group>";
		};
		807B180E24F0654400EADA78 /* Network+Extension */ = {
			isa = PBXGroup;
			children = (
				807B180F24F065A100EADA78 /* URLRequest+Extension.swift */,
				807B181124F067DC00EADA78 /* NewsAPI_Call.swift */,
			);
			path = "Network+Extension";
			sourceTree = "<group>";
		};
		809F099F24E901D90025313B = {
			isa = PBXGroup;
			children = (
				809F09AA24E901D90025313B /* News_RxSwift */,
				809F09A924E901D90025313B /* Products */,
				8BF3EFDF46016151DB3BAA2C /* Pods */,
				33BE90C1C5E8CDCE1ECC5DC7 /* Frameworks */,
			);
			sourceTree = "<group>";
		};
		809F09A924E901D90025313B /* Products */ = {
			isa = PBXGroup;
			children = (
				809F09A824E901D90025313B /* News_RxSwift.app */,
			);
			name = Products;
			sourceTree = "<group>";
		};
		809F09AA24E901D90025313B /* News_RxSwift */ = {
			isa = PBXGroup;
			children = (
				807B180E24F0654400EADA78 /* Network+Extension */,
				80F1809624EEA0DC0049A7D6 /* View */,
				809F09C024E9209F0025313B /* Modal */,
				809F09BF24E9208D0025313B /* Controller */,
				809F09AB24E901D90025313B /* AppDelegate.swift */,
				809F09AD24E901D90025313B /* SceneDelegate.swift */,
				809F09B124E901D90025313B /* Main.storyboard */,
				809F09B424E901DF0025313B /* Assets.xcassets */,
				809F09B624E901DF0025313B /* LaunchScreen.storyboard */,
				809F09B924E901DF0025313B /* Info.plist */,
			);
			path = News_RxSwift;
			sourceTree = "<group>";
		};
		809F09BF24E9208D0025313B /* Controller */ = {
			isa = PBXGroup;
			children = (
				809F09C124E920E40025313B /* NewsTableVC.swift */,
			);
			path = Controller;
			sourceTree = "<group>";
		};
		809F09C024E9209F0025313B /* Modal */ = {
			isa = PBXGroup;
			children = (
				809F09C324E923670025313B /* Article.swift */,
			);
			path = Modal;
			sourceTree = "<group>";
		};
		80F1809624EEA0DC0049A7D6 /* View */ = {
			isa = PBXGroup;
			children = (
				80F1809724EEA0F40049A7D6 /* ArticleTableViewCell.swift */,
			);
			path = View;
			sourceTree = "<group>";
		};
		8BF3EFDF46016151DB3BAA2C /* Pods */ = {
			isa = PBXGroup;
			children = (
				AA3C8748EDCE04A075B9303E /* Pods-News_RxSwift.debug.xcconfig */,
				A1D1BD2EBC2AC29C8519E46E /* Pods-News_RxSwift.release.xcconfig */,
			);
			path = Pods;
			sourceTree = "<group>";
		};
/* End PBXGroup section */

/* Begin PBXNativeTarget section */
		809F09A724E901D90025313B /* News_RxSwift */ = {
			isa = PBXNativeTarget;
			buildConfigurationList = 809F09BC24E901DF0025313B /* Build configuration list for PBXNativeTarget "News_RxSwift" */;
			buildPhases = (
				37F7BB4082C795618D2D139B /* [CP] Check Pods Manifest.lock */,
				809F09A424E901D90025313B /* Sources */,
				809F09A524E901D90025313B /* Frameworks */,
				809F09A624E901D90025313B /* Resources */,
				861C50C2515793E410259C9A /* [CP] Embed Pods Frameworks */,
			);
			buildRules = (
			);
			dependencies = (
			);
			name = News_RxSwift;
			productName = News_RxSwift;
			productReference = 809F09A824E901D90025313B /* News_RxSwift.app */;
			productType = "com.apple.product-type.application";
		};
/* End PBXNativeTarget section */

/* Begin PBXProject section */
		809F09A024E901D90025313B /* Project object */ = {
			isa = PBXProject;
			attributes = {
				LastSwiftUpdateCheck = 1150;
				LastUpgradeCheck = 1150;
				ORGANIZATIONNAME = "Sai Raghu Varma Kallepalli";
				TargetAttributes = {
					809F09A724E901D90025313B = {
						CreatedOnToolsVersion = 11.5;
					};
				};
			};
			buildConfigurationList = 809F09A324E901D90025313B /* Build configuration list for PBXProject "News_RxSwift" */;
			compatibilityVersion = "Xcode 9.3";
			developmentRegion = en;
			hasScannedForEncodings = 0;
			knownRegions = (
				en,
				Base,
			);
			mainGroup = 809F099F24E901D90025313B;
			productRefGroup = 809F09A924E901D90025313B /* Products */;
			projectDirPath = "";
			projectRoot = "";
			targets = (
				809F09A724E901D90025313B /* News_RxSwift */,
			);
		};
/* End PBXProject section */

/* Begin PBXResourcesBuildPhase section */
		809F09A624E901D90025313B /* Resources */ = {
			isa = PBXResourcesBuildPhase;
			buildActionMask = 2147483647;
			files = (
				809F09B824E901DF0025313B /* LaunchScreen.storyboard in Resources */,
				809F09B524E901DF0025313B /* Assets.xcassets in Resources */,
				809F09B324E901D90025313B /* Main.storyboard in Resources */,
			);
			runOnlyForDeploymentPostprocessing = 0;
		};
/* End PBXResourcesBuildPhase section */

/* Begin PBXShellScriptBuildPhase section */
		37F7BB4082C795618D2D139B /* [CP] Check Pods Manifest.lock */ = {
			isa = PBXShellScriptBuildPhase;
			buildActionMask = 2147483647;
			files = (
			);
			inputFileListPaths = (
			);
			inputPaths = (
				"${PODS_PODFILE_DIR_PATH}/Podfile.lock",
				"${PODS_ROOT}/Manifest.lock",
			);
			name = "[CP] Check Pods Manifest.lock";
			outputFileListPaths = (
			);
			outputPaths = (
				"$(DERIVED_FILE_DIR)/Pods-News_RxSwift-checkManifestLockResult.txt",
			);
			runOnlyForDeploymentPostprocessing = 0;
			shellPath = /bin/sh;
			shellScript = "diff \"${PODS_PODFILE_DIR_PATH}/Podfile.lock\" \"${PODS_ROOT}/Manifest.lock\" > /dev/null\nif [ $? != 0 ] ; then\n    # print error to STDERR\n    echo \"error: The sandbox is not in sync with the Podfile.lock. Run 'pod install' or update your CocoaPods installation.\" >&2\n    exit 1\nfi\n# This output is used by Xcode 'outputs' to avoid re-running this script phase.\necho \"SUCCESS\" > \"${SCRIPT_OUTPUT_FILE_0}\"\n";
			showEnvVarsInLog = 0;
		};
		861C50C2515793E410259C9A /* [CP] Embed Pods Frameworks */ = {
			isa = PBXShellScriptBuildPhase;
			buildActionMask = 2147483647;
			files = (
			);
			inputFileListPaths = (
				"${PODS_ROOT}/Target Support Files/Pods-News_RxSwift/Pods-News_RxSwift-frameworks-${CONFIGURATION}-input-files.xcfilelist",
			);
			name = "[CP] Embed Pods Frameworks";
			outputFileListPaths = (
				"${PODS_ROOT}/Target Support Files/Pods-News_RxSwift/Pods-News_RxSwift-frameworks-${CONFIGURATION}-output-files.xcfilelist",
			);
			runOnlyForDeploymentPostprocessing = 0;
			shellPath = /bin/sh;
			shellScript = "\"${PODS_ROOT}/Target Support Files/Pods-News_RxSwift/Pods-News_RxSwift-frameworks.sh\"\n";
			showEnvVarsInLog = 0;
		};
/* End PBXShellScriptBuildPhase section */

/* Begin PBXSourcesBuildPhase section */
		809F09A424E901D90025313B /* Sources */ = {
			isa = PBXSourcesBuildPhase;
			buildActionMask = 2147483647;
			files = (
				80F1809824EEA0F40049A7D6 /* ArticleTableViewCell.swift in Sources */,
				807B181024F065A100EADA78 /* URLRequest+Extension.swift in Sources */,
				809F09C424E923680025313B /* Article.swift in Sources */,
				809F09AC24E901D90025313B /* AppDelegate.swift in Sources */,
				809F09AE24E901D90025313B /* SceneDelegate.swift in Sources */,
				807B181224F067DC00EADA78 /* NewsAPI_Call.swift in Sources */,
				809F09C224E920E40025313B /* NewsTableVC.swift in Sources */,
			);
			runOnlyForDeploymentPostprocessing = 0;
		};
/* End PBXSourcesBuildPhase section */

/* Begin PBXVariantGroup section */
		809F09B124E901D90025313B /* Main.storyboard */ = {
			isa = PBXVariantGroup;
			children = (
				809F09B224E901D90025313B /* Base */,
			);
			name = Main.storyboard;
			sourceTree = "<group>";
		};
		809F09B624E901DF0025313B /* LaunchScreen.storyboard */ = {
			isa = PBXVariantGroup;
			children = (
				809F09B724E901DF0025313B /* Base */,
			);
			name = LaunchScreen.storyboard;
			sourceTree = "<group>";
		};
/* End PBXVariantGroup section */

/* Begin XCBuildConfiguration section */
		809F09BA24E901DF0025313B /* Debug */ = {
			isa = XCBuildConfiguration;
			buildSettings = {
				ALWAYS_SEARCH_USER_PATHS = NO;
				CLANG_ANALYZER_NONNULL = YES;
				CLANG_ANALYZER_NUMBER_OBJECT_CONVERSION = YES_AGGRESSIVE;
				CLANG_CXX_LANGUAGE_STANDARD = "gnu++14";
				CLANG_CXX_LIBRARY = "libc++";
				CLANG_ENABLE_MODULES = YES;
				CLANG_ENABLE_OBJC_ARC = YES;
				CLANG_ENABLE_OBJC_WEAK = YES;
				CLANG_WARN_BLOCK_CAPTURE_AUTORELEASING = YES;
				CLANG_WARN_BOOL_CONVERSION = YES;
				CLANG_WARN_COMMA = YES;
				CLANG_WARN_CONSTANT_CONVERSION = YES;
				CLANG_WARN_DEPRECATED_OBJC_IMPLEMENTATIONS = YES;
				CLANG_WARN_DIRECT_OBJC_ISA_USAGE = YES_ERROR;
				CLANG_WARN_DOCUMENTATION_COMMENTS = YES;
				CLANG_WARN_EMPTY_BODY = YES;
				CLANG_WARN_ENUM_CONVERSION = YES;
				CLANG_WARN_INFINITE_RECURSION = YES;
				CLANG_WARN_INT_CONVERSION = YES;
				CLANG_WARN_NON_LITERAL_NULL_CONVERSION = YES;
				CLANG_WARN_OBJC_IMPLICIT_RETAIN_SELF = YES;
				CLANG_WARN_OBJC_LITERAL_CONVERSION = YES;
				CLANG_WARN_OBJC_ROOT_CLASS = YES_ERROR;
				CLANG_WARN_RANGE_LOOP_ANALYSIS = YES;
				CLANG_WARN_STRICT_PROTOTYPES = YES;
				CLANG_WARN_SUSPICIOUS_MOVE = YES;
				CLANG_WARN_UNGUARDED_AVAILABILITY = YES_AGGRESSIVE;
				CLANG_WARN_UNREACHABLE_CODE = YES;
				CLANG_WARN__DUPLICATE_METHOD_MATCH = YES;
				COPY_PHASE_STRIP = NO;
				DEBUG_INFORMATION_FORMAT = dwarf;
				ENABLE_STRICT_OBJC_MSGSEND = YES;
				ENABLE_TESTABILITY = YES;
				GCC_C_LANGUAGE_STANDARD = gnu11;
				GCC_DYNAMIC_NO_PIC = NO;
				GCC_NO_COMMON_BLOCKS = YES;
				GCC_OPTIMIZATION_LEVEL = 0;
				GCC_PREPROCESSOR_DEFINITIONS = (
					"DEBUG=1",
					"$(inherited)",
				);
				GCC_WARN_64_TO_32_BIT_CONVERSION = YES;
				GCC_WARN_ABOUT_RETURN_TYPE = YES_ERROR;
				GCC_WARN_UNDECLARED_SELECTOR = YES;
				GCC_WARN_UNINITIALIZED_AUTOS = YES_AGGRESSIVE;
				GCC_WARN_UNUSED_FUNCTION = YES;
				GCC_WARN_UNUSED_VARIABLE = YES;
				IPHONEOS_DEPLOYMENT_TARGET = 13.5;
				MTL_ENABLE_DEBUG_INFO = INCLUDE_SOURCE;
				MTL_FAST_MATH = YES;
				ONLY_ACTIVE_ARCH = YES;
				SDKROOT = iphoneos;
				SWIFT_ACTIVE_COMPILATION_CONDITIONS = DEBUG;
				SWIFT_OPTIMIZATION_LEVEL = "-Onone";
			};
			name = Debug;
		};
		809F09BB24E901DF0025313B /* Release */ = {
			isa = XCBuildConfiguration;
			buildSettings = {
				ALWAYS_SEARCH_USER_PATHS = NO;
				CLANG_ANALYZER_NONNULL = YES;
				CLANG_ANALYZER_NUMBER_OBJECT_CONVERSION = YES_AGGRESSIVE;
				CLANG_CXX_LANGUAGE_STANDARD = "gnu++14";
				CLANG_CXX_LIBRARY = "libc++";
				CLANG_ENABLE_MODULES = YES;
				CLANG_ENABLE_OBJC_ARC = YES;
				CLANG_ENABLE_OBJC_WEAK = YES;
				CLANG_WARN_BLOCK_CAPTURE_AUTORELEASING = YES;
				CLANG_WARN_BOOL_CONVERSION = YES;
				CLANG_WARN_COMMA = YES;
				CLANG_WARN_CONSTANT_CONVERSION = YES;
				CLANG_WARN_DEPRECATED_OBJC_IMPLEMENTATIONS = YES;
				CLANG_WARN_DIRECT_OBJC_ISA_USAGE = YES_ERROR;
				CLANG_WARN_DOCUMENTATION_COMMENTS = YES;
				CLANG_WARN_EMPTY_BODY = YES;
				CLANG_WARN_ENUM_CONVERSION = YES;
				CLANG_WARN_INFINITE_RECURSION = YES;
				CLANG_WARN_INT_CONVERSION = YES;
				CLANG_WARN_NON_LITERAL_NULL_CONVERSION = YES;
				CLANG_WARN_OBJC_IMPLICIT_RETAIN_SELF = YES;
				CLANG_WARN_OBJC_LITERAL_CONVERSION = YES;
				CLANG_WARN_OBJC_ROOT_CLASS = YES_ERROR;
				CLANG_WARN_RANGE_LOOP_ANALYSIS = YES;
				CLANG_WARN_STRICT_PROTOTYPES = YES;
				CLANG_WARN_SUSPICIOUS_MOVE = YES;
				CLANG_WARN_UNGUARDED_AVAILABILITY = YES_AGGRESSIVE;
				CLANG_WARN_UNREACHABLE_CODE = YES;
				CLANG_WARN__DUPLICATE_METHOD_MATCH = YES;
				COPY_PHASE_STRIP = NO;
				DEBUG_INFORMATION_FORMAT = "dwarf-with-dsym";
				ENABLE_NS_ASSERTIONS = NO;
				ENABLE_STRICT_OBJC_MSGSEND = YES;
				GCC_C_LANGUAGE_STANDARD = gnu11;
				GCC_NO_COMMON_BLOCKS = YES;
				GCC_WARN_64_TO_32_BIT_CONVERSION = YES;
				GCC_WARN_ABOUT_RETURN_TYPE = YES_ERROR;
				GCC_WARN_UNDECLARED_SELECTOR = YES;
				GCC_WARN_UNINITIALIZED_AUTOS = YES_AGGRESSIVE;
				GCC_WARN_UNUSED_FUNCTION = YES;
				GCC_WARN_UNUSED_VARIABLE = YES;
				IPHONEOS_DEPLOYMENT_TARGET = 13.5;
				MTL_ENABLE_DEBUG_INFO = NO;
				MTL_FAST_MATH = YES;
				SDKROOT = iphoneos;
				SWIFT_COMPILATION_MODE = wholemodule;
				SWIFT_OPTIMIZATION_LEVEL = "-O";
				VALIDATE_PRODUCT = YES;
			};
			name = Release;
		};
		809F09BD24E901DF0025313B /* Debug */ = {
			isa = XCBuildConfiguration;
			baseConfigurationReference = AA3C8748EDCE04A075B9303E /* Pods-News_RxSwift.debug.xcconfig */;
			buildSettings = {
				ASSETCATALOG_COMPILER_APPICON_NAME = AppIcon;
				CODE_SIGN_STYLE = Automatic;
				INFOPLIST_FILE = News_RxSwift/Info.plist;
				LD_RUNPATH_SEARCH_PATHS = (
					"$(inherited)",
					"@executable_path/Frameworks",
				);
				PRODUCT_BUNDLE_IDENTIFIER = "com.raghu.News-RxSwift";
				PRODUCT_NAME = "$(TARGET_NAME)";
				SWIFT_VERSION = 5.0;
				TARGETED_DEVICE_FAMILY = "1,2";
			};
			name = Debug;
		};
		809F09BE24E901DF0025313B /* Release */ = {
			isa = XCBuildConfiguration;
			baseConfigurationReference = A1D1BD2EBC2AC29C8519E46E /* Pods-News_RxSwift.release.xcconfig */;
			buildSettings = {
				ASSETCATALOG_COMPILER_APPICON_NAME = AppIcon;
				CODE_SIGN_STYLE = Automatic;
				INFOPLIST_FILE = News_RxSwift/Info.plist;
				LD_RUNPATH_SEARCH_PATHS = (
					"$(inherited)",
					"@executable_path/Frameworks",
				);
				PRODUCT_BUNDLE_IDENTIFIER = "com.raghu.News-RxSwift";
				PRODUCT_NAME = "$(TARGET_NAME)";
				SWIFT_VERSION = 5.0;
				TARGETED_DEVICE_FAMILY = "1,2";
			};
			name = Release;
		};
/* End XCBuildConfiguration section */

/* Begin XCConfigurationList section */
		809F09A324E901D90025313B /* Build configuration list for PBXProject "News_RxSwift" */ = {
			isa = XCConfigurationList;
			buildConfigurations = (
				809F09BA24E901DF0025313B /* Debug */,
				809F09BB24E901DF0025313B /* Release */,
			);
			defaultConfigurationIsVisible = 0;
			defaultConfigurationName = Release;
		};
		809F09BC24E901DF0025313B /* Build configuration list for PBXNativeTarget "News_RxSwift" */ = {
			isa = XCConfigurationList;
			buildConfigurations = (
				809F09BD24E901DF0025313B /* Debug */,
				809F09BE24E901DF0025313B /* Release */,
			);
			defaultConfigurationIsVisible = 0;
			defaultConfigurationName = Release;
		};
/* End XCConfigurationList section */
	};
	rootObject = 809F09A024E901D90025313B /* Project object */;
}
